
Microsoft Visual Studio Solution File, Format Version 12.00
# Visual Studio Version 17
VisualStudioVersion = 17.7.34031.279
MinimumVisualStudioVersion = 10.0.40219.1
Project("{FAE04EC0-301F-11D3-BF4B-00C04F79EFBC}") = "Tamweely", "Tamweely.csproj", "{9D338592-910F-48E0-9856-6B74082D36AA}"
EndProject
Global
	GlobalSection(SolutionConfigurationPlatforms) = preSolution
		Debug|Any CPU = Debug|Any CPU
		Release|Any CPU = Release|Any CPU
	EndGlobalSection
	GlobalSection(ProjectConfigurationPlatforms) = postSolution
		{9D338592-910F-48E0-9856-6B74082D36AA}.Debug|Any CPU.ActiveCfg = Debug|Any CPU
		{9D338592-910F-48E0-9856-6B74082D36AA}.Debug|Any CPU.Build.0 = Debug|Any CPU
		{9D338592-910F-48E0-9856-6B74082D36AA}.Release|Any CPU.ActiveCfg = Release|Any CPU
		{9D338592-910F-48E0-9856-6B74082D36AA}.Release|Any CPU.Build.0 = Release|Any CPU
	EndGlobalSection
	GlobalSection(SolutionProperties) = preSolution
		HideSolutionNode = FALSE
	EndGlobalSection
	GlobalSection(ExtensibilityGlobals) = postSolution
		SolutionGuid = {C33B7081-11CF-45A5-8651-8A5CBC7321A9}
	EndGlobalSection
EndGlobal
